
Microsoft Visual Studio Solution File, Format Version 12.00
# Visual Studio Version 17
VisualStudioVersion = 17.11.35327.3
MinimumVisualStudioVersion = 10.0.40219.1
Project("{FAE04EC0-301F-11D3-BF4B-00C04F79EFBC}") = "GameDevProject", "GameDevProject\GameDevProject.csproj", "{66D13D82-2387-47EC-B7F6-1D00EE7863D3}"
EndProject
Global
	GlobalSection(SolutionConfigurationPlatforms) = preSolution
		Debug|Any CPU = Debug|Any CPU
		Release|Any CPU = Release|Any CPU
	EndGlobalSection
	GlobalSection(ProjectConfigurationPlatforms) = postSolution
		{66D13D82-2387-47EC-B7F6-1D00EE7863D3}.Debug|Any CPU.ActiveCfg = Debug|Any CPU
		{66D13D82-2387-47EC-B7F6-1D00EE7863D3}.Debug|Any CPU.Build.0 = Debug|Any CPU
		{66D13D82-2387-47EC-B7F6-1D00EE7863D3}.Release|Any CPU.ActiveCfg = Release|Any CPU
		{66D13D82-2387-47EC-B7F6-1D00EE7863D3}.Release|Any CPU.Build.0 = Release|Any CPU
	EndGlobalSection
	GlobalSection(SolutionProperties) = preSolution
		HideSolutionNode = FALSE
	EndGlobalSection
	GlobalSection(ExtensibilityGlobals) = postSolution
		SolutionGuid = {96CF6B05-47E9-4ED5-952B-411F02986815}
	EndGlobalSection
EndGlobal
